// !$*UTF8*$!
{
	archiveVersion = 1;
	classes = {
	};
	objectVersion = 46;
	objects = {

/* Begin PBXBuildFile section */
		AD72C60819174D5500B09CCD /* User.m in Sources */ = {isa = PBXBuildFile; fileRef = AD72C60719174D5500B09CCD /* User.m */; };
		AD7B5ACA191B070A00BA77A9 /* mainpage_btn_message.png in Resources */ = {isa = PBXBuildFile; fileRef = AD7B5AC9191B070A00BA77A9 /* mainpage_btn_message.png */; };
		AD7B5ACD191B096F00BA77A9 /* mainpage_bg_search.png in Resources */ = {isa = PBXBuildFile; fileRef = AD7B5ACC191B096F00BA77A9 /* mainpage_bg_search.png */; };
		AD7B5AD4191B0B8300BA77A9 /* mainpage_btn_search.png in Resources */ = {isa = PBXBuildFile; fileRef = AD7B5AD3191B0B8300BA77A9 /* mainpage_btn_search.png */; };
		AD7B5AD6191B0CBD00BA77A9 /* mainpage_icon_searchneed.png in Resources */ = {isa = PBXBuildFile; fileRef = AD7B5AD5191B0CBD00BA77A9 /* mainpage_icon_searchneed.png */; };
		AD7B5AD8191B0D3F00BA77A9 /* mainpage_icon_triangle.png in Resources */ = {isa = PBXBuildFile; fileRef = AD7B5AD7191B0D3F00BA77A9 /* mainpage_icon_triangle.png */; };
		AD7B5ADC191B26DE00BA77A9 /* mainpage_icon_sectionNeeds.png in Resources */ = {isa = PBXBuildFile; fileRef = AD7B5AD9191B26DE00BA77A9 /* mainpage_icon_sectionNeeds.png */; };
		AD7B5ADD191B26DE00BA77A9 /* mainpage_icon_sectionProvider.png in Resources */ = {isa = PBXBuildFile; fileRef = AD7B5ADA191B26DE00BA77A9 /* mainpage_icon_sectionProvider.png */; };
		AD7B5ADE191B26DE00BA77A9 /* mainpage_icon_sectionService.png in Resources */ = {isa = PBXBuildFile; fileRef = AD7B5ADB191B26DE00BA77A9 /* mainpage_icon_sectionService.png */; };
		AD7B5AE1191B2B3000BA77A9 /* mainpage_test_image1.png in Resources */ = {isa = PBXBuildFile; fileRef = AD7B5ADF191B2B3000BA77A9 /* mainpage_test_image1.png */; };
		AD7B5AE2191B2B3000BA77A9 /* mainpage_test_image2.png in Resources */ = {isa = PBXBuildFile; fileRef = AD7B5AE0191B2B3000BA77A9 /* mainpage_test_image2.png */; };
		AD7D7C5219147613002D5A4B /* NSAlert+MKNetworkKitAdditions.m in Sources */ = {isa = PBXBuildFile; fileRef = AD7D7C3D19147613002D5A4B /* NSAlert+MKNetworkKitAdditions.m */; };
		AD7D7C5319147613002D5A4B /* NSData+MKBase64.m in Sources */ = {isa = PBXBuildFile; fileRef = AD7D7C3F19147613002D5A4B /* NSData+MKBase64.m */; };
		AD7D7C5419147613002D5A4B /* NSDate+RFC1123.m in Sources */ = {isa = PBXBuildFile; fileRef = AD7D7C4119147613002D5A4B /* NSDate+RFC1123.m */; };
		AD7D7C5519147613002D5A4B /* NSDictionary+RequestEncoding.m in Sources */ = {isa = PBXBuildFile; fileRef = AD7D7C4319147613002D5A4B /* NSDictionary+RequestEncoding.m */; };
		AD7D7C5619147613002D5A4B /* NSString+MKNetworkKitAdditions.m in Sources */ = {isa = PBXBuildFile; fileRef = AD7D7C4519147613002D5A4B /* NSString+MKNetworkKitAdditions.m */; };
		AD7D7C5719147613002D5A4B /* UIAlertView+MKNetworkKitAdditions.m in Sources */ = {isa = PBXBuildFile; fileRef = AD7D7C4719147613002D5A4B /* UIAlertView+MKNetworkKitAdditions.m */; };
		AD7D7C5819147613002D5A4B /* UIImageView+MKNetworkKitAdditions.m in Sources */ = {isa = PBXBuildFile; fileRef = AD7D7C4919147613002D5A4B /* UIImageView+MKNetworkKitAdditions.m */; };
		AD7D7C5919147613002D5A4B /* MKNetworkEngine.m in Sources */ = {isa = PBXBuildFile; fileRef = AD7D7C4B19147613002D5A4B /* MKNetworkEngine.m */; };
		AD7D7C5A19147613002D5A4B /* MKNetworkOperation.m in Sources */ = {isa = PBXBuildFile; fileRef = AD7D7C4E19147613002D5A4B /* MKNetworkOperation.m */; };
		AD7D7C5B19147613002D5A4B /* Reachability.m in Sources */ = {isa = PBXBuildFile; fileRef = AD7D7C5119147613002D5A4B /* Reachability.m */; };
		AD7D7C6119148813002D5A4B /* NeedsEngine.m in Sources */ = {isa = PBXBuildFile; fileRef = AD7D7C6019148813002D5A4B /* NeedsEngine.m */; };
		AD7D7C6419148909002D5A4B /* JSONModel.m in Sources */ = {isa = PBXBuildFile; fileRef = AD7D7C6319148909002D5A4B /* JSONModel.m */; };
		AD90D35E191715EB00F4C81C /* login_title.png in Resources */ = {isa = PBXBuildFile; fileRef = AD90D35D191715EB00F4C81C /* login_title.png */; };
		AD90D360191715F200F4C81C /* login_bg.png in Resources */ = {isa = PBXBuildFile; fileRef = AD90D35F191715F200F4C81C /* login_bg.png */; };
		AD90D362191716F500F4C81C /* login_editbg.png in Resources */ = {isa = PBXBuildFile; fileRef = AD90D361191716F500F4C81C /* login_editbg.png */; };
		AD90D365191717EF00F4C81C /* login_icon_pwd.png in Resources */ = {isa = PBXBuildFile; fileRef = AD90D363191717EF00F4C81C /* login_icon_pwd.png */; };
		AD90D366191717EF00F4C81C /* login_icon_user.png in Resources */ = {isa = PBXBuildFile; fileRef = AD90D364191717EF00F4C81C /* login_icon_user.png */; };
		AD90D368191719D700F4C81C /* login_btn_forgetpwd.png in Resources */ = {isa = PBXBuildFile; fileRef = AD90D367191719D700F4C81C /* login_btn_forgetpwd.png */; };
		AD90D36B19171B2C00F4C81C /* login_btn_login.png in Resources */ = {isa = PBXBuildFile; fileRef = AD90D36919171B2C00F4C81C /* login_btn_login.png */; };
		AD90D36C19171B2C00F4C81C /* login_btn_register.png in Resources */ = {isa = PBXBuildFile; fileRef = AD90D36A19171B2C00F4C81C /* login_btn_register.png */; };
		ADBF1FF119169870004F32B0 /* LoginViewController.m in Sources */ = {isa = PBXBuildFile; fileRef = ADBF1FF019169870004F32B0 /* LoginViewController.m */; };
		ADD48A911913DBB900A9FE48 /* Foundation.framework in Frameworks */ = {isa = PBXBuildFile; fileRef = ADD48A901913DBB900A9FE48 /* Foundation.framework */; };
		ADD48A931913DBB900A9FE48 /* CoreGraphics.framework in Frameworks */ = {isa = PBXBuildFile; fileRef = ADD48A921913DBB900A9FE48 /* CoreGraphics.framework */; };
		ADD48A951913DBB900A9FE48 /* UIKit.framework in Frameworks */ = {isa = PBXBuildFile; fileRef = ADD48A941913DBB900A9FE48 /* UIKit.framework */; };
		ADD48A9B1913DBB900A9FE48 /* InfoPlist.strings in Resources */ = {isa = PBXBuildFile; fileRef = ADD48A991913DBB900A9FE48 /* InfoPlist.strings */; };
		ADD48A9D1913DBB900A9FE48 /* main.m in Sources */ = {isa = PBXBuildFile; fileRef = ADD48A9C1913DBB900A9FE48 /* main.m */; };
		ADD48AA11913DBB900A9FE48 /* YUNEEDSAppDelegate.m in Sources */ = {isa = PBXBuildFile; fileRef = ADD48AA01913DBB900A9FE48 /* YUNEEDSAppDelegate.m */; };
		ADD48AA41913DBB900A9FE48 /* Main.storyboard in Resources */ = {isa = PBXBuildFile; fileRef = ADD48AA21913DBB900A9FE48 /* Main.storyboard */; };
		ADD48AA71913DBB900A9FE48 /* YUNEEDSViewController.m in Sources */ = {isa = PBXBuildFile; fileRef = ADD48AA61913DBB900A9FE48 /* YUNEEDSViewController.m */; };
		ADD48AA91913DBB900A9FE48 /* Images.xcassets in Resources */ = {isa = PBXBuildFile; fileRef = ADD48AA81913DBB900A9FE48 /* Images.xcassets */; };
		ADD48AB01913DBB900A9FE48 /* XCTest.framework in Frameworks */ = {isa = PBXBuildFile; fileRef = ADD48AAF1913DBB900A9FE48 /* XCTest.framework */; };
		ADD48AB11913DBB900A9FE48 /* Foundation.framework in Frameworks */ = {isa = PBXBuildFile; fileRef = ADD48A901913DBB900A9FE48 /* Foundation.framework */; };
		ADD48AB21913DBB900A9FE48 /* UIKit.framework in Frameworks */ = {isa = PBXBuildFile; fileRef = ADD48A941913DBB900A9FE48 /* UIKit.framework */; };
		ADD48ABA1913DBB900A9FE48 /* InfoPlist.strings in Resources */ = {isa = PBXBuildFile; fileRef = ADD48AB81913DBB900A9FE48 /* InfoPlist.strings */; };
		ADD48ABC1913DBB900A9FE48 /* NEEDSTests.m in Sources */ = {isa = PBXBuildFile; fileRef = ADD48ABB1913DBB900A9FE48 /* NEEDSTests.m */; };
		ADE70D961917C52E0021A5B5 /* MBProgressHUD.m in Sources */ = {isa = PBXBuildFile; fileRef = ADE70D951917C52E0021A5B5 /* MBProgressHUD.m */; };
		ADFFFD12191A5877007D4914 /* mainpage_tabbg.png in Resources */ = {isa = PBXBuildFile; fileRef = ADFFFD11191A5877007D4914 /* mainpage_tabbg.png */; };
		ADFFFD19191A5920007D4914 /* mainpage_tabicon_delivery.png in Resources */ = {isa = PBXBuildFile; fileRef = ADFFFD14191A5920007D4914 /* mainpage_tabicon_delivery.png */; };
		ADFFFD1A191A5920007D4914 /* mainpage_tabicon_mainpage.png in Resources */ = {isa = PBXBuildFile; fileRef = ADFFFD15191A5920007D4914 /* mainpage_tabicon_mainpage.png */; };
		ADFFFD1B191A5920007D4914 /* mainpage_tabicon_myorder.png in Resources */ = {isa = PBXBuildFile; fileRef = ADFFFD16191A5920007D4914 /* mainpage_tabicon_myorder.png */; };
		ADFFFD1C191A5920007D4914 /* mainpage_tabicon_requirement.png in Resources */ = {isa = PBXBuildFile; fileRef = ADFFFD17191A5920007D4914 /* mainpage_tabicon_requirement.png */; };
		ADFFFD1D191A5920007D4914 /* mainpage_tabicon_usercenter.png in Resources */ = {isa = PBXBuildFile; fileRef = ADFFFD18191A5920007D4914 /* mainpage_tabicon_usercenter.png */; };
		ADFFFD21191A5951007D4914 /* ContainerViewController.m in Sources */ = {isa = PBXBuildFile; fileRef = ADFFFD20191A5951007D4914 /* ContainerViewController.m */; };
		ADFFFD29191A5C45007D4914 /* MainTabbarView.m in Sources */ = {isa = PBXBuildFile; fileRef = ADFFFD28191A5C45007D4914 /* MainTabbarView.m */; };
		ADFFFD2D191A60D5007D4914 /* mainpage_tabimg_shade.png in Resources */ = {isa = PBXBuildFile; fileRef = ADFFFD2B191A60D5007D4914 /* mainpage_tabimg_shade.png */; };
		ADFFFD2F191A8297007D4914 /* mainpage_tabimg_shade@2x.png in Resources */ = {isa = PBXBuildFile; fileRef = ADFFFD2E191A8297007D4914 /* mainpage_tabimg_shade@2x.png */; };
		ADFFFD31191A8705007D4914 /* mainpage_tabicon_mainpage_h.png in Resources */ = {isa = PBXBuildFile; fileRef = ADFFFD30191A8705007D4914 /* mainpage_tabicon_mainpage_h.png */; };
		ADFFFD36191A8A0E007D4914 /* mainpage_tabicon_delivery_h.png in Resources */ = {isa = PBXBuildFile; fileRef = ADFFFD32191A8A0E007D4914 /* mainpage_tabicon_delivery_h.png */; };
		ADFFFD37191A8A0E007D4914 /* mainpage_tabicon_myorder_h.png in Resources */ = {isa = PBXBuildFile; fileRef = ADFFFD33191A8A0E007D4914 /* mainpage_tabicon_myorder_h.png */; };
		ADFFFD38191A8A0E007D4914 /* mainpage_tabicon_requirement_h.png in Resources */ = {isa = PBXBuildFile; fileRef = ADFFFD34191A8A0E007D4914 /* mainpage_tabicon_requirement_h.png */; };
		ADFFFD39191A8A0E007D4914 /* mainpage_tabicon_usercenter_h.png in Resources */ = {isa = PBXBuildFile; fileRef = ADFFFD35191A8A0E007D4914 /* mainpage_tabicon_usercenter_h.png */; };
		ADFFFD3C191A8F3E007D4914 /* MainpageViewController.m in Sources */ = {isa = PBXBuildFile; fileRef = ADFFFD3B191A8F3E007D4914 /* MainpageViewController.m */; };
		ADFFFD3F191A8F74007D4914 /* ReleaseRequirementsViewController.m in Sources */ = {isa = PBXBuildFile; fileRef = ADFFFD3E191A8F74007D4914 /* ReleaseRequirementsViewController.m */; };
		ADFFFD42191A8FAD007D4914 /* NeedMarketViewController.m in Sources */ = {isa = PBXBuildFile; fileRef = ADFFFD41191A8FAD007D4914 /* NeedMarketViewController.m */; };
		ADFFFD45191A8FC4007D4914 /* MyOrderViewController.m in Sources */ = {isa = PBXBuildFile; fileRef = ADFFFD44191A8FC4007D4914 /* MyOrderViewController.m */; };
		ADFFFD48191A8FDA007D4914 /* UserCenterViewCtroller.m in Sources */ = {isa = PBXBuildFile; fileRef = ADFFFD47191A8FDA007D4914 /* UserCenterViewCtroller.m */; };
/* End PBXBuildFile section */

/* Begin PBXContainerItemProxy section */
		ADD48AB31913DBB900A9FE48 /* PBXContainerItemProxy */ = {
			isa = PBXContainerItemProxy;
			containerPortal = ADD48A851913DBB900A9FE48 /* Project object */;
			proxyType = 1;
			remoteGlobalIDString = ADD48A8C1913DBB900A9FE48;
			remoteInfo = NEEDS;
		};
/* End PBXContainerItemProxy section */

/* Begin PBXFileReference section */
		AD72C60619174D5500B09CCD /* User.h */ = {isa = PBXFileReference; fileEncoding = 4; lastKnownFileType = sourcecode.c.h; path = User.h; sourceTree = "<group>"; };
		AD72C60719174D5500B09CCD /* User.m */ = {isa = PBXFileReference; fileEncoding = 4; lastKnownFileType = sourcecode.c.objc; path = User.m; sourceTree = "<group>"; };
		AD7B5AC9191B070A00BA77A9 /* mainpage_btn_message.png */ = {isa = PBXFileReference; lastKnownFileType = image.png; path = mainpage_btn_message.png; sourceTree = "<group>"; };
		AD7B5ACC191B096F00BA77A9 /* mainpage_bg_search.png */ = {isa = PBXFileReference; lastKnownFileType = image.png; path = mainpage_bg_search.png; sourceTree = "<group>"; };
		AD7B5AD3191B0B8300BA77A9 /* mainpage_btn_search.png */ = {isa = PBXFileReference; lastKnownFileType = image.png; path = mainpage_btn_search.png; sourceTree = "<group>"; };
		AD7B5AD5191B0CBD00BA77A9 /* mainpage_icon_searchneed.png */ = {isa = PBXFileReference; lastKnownFileType = image.png; path = mainpage_icon_searchneed.png; sourceTree = "<group>"; };
		AD7B5AD7191B0D3F00BA77A9 /* mainpage_icon_triangle.png */ = {isa = PBXFileReference; lastKnownFileType = image.png; path = mainpage_icon_triangle.png; sourceTree = "<group>"; };
		AD7B5AD9191B26DE00BA77A9 /* mainpage_icon_sectionNeeds.png */ = {isa = PBXFileReference; lastKnownFileType = image.png; path = mainpage_icon_sectionNeeds.png; sourceTree = "<group>"; };
		AD7B5ADA191B26DE00BA77A9 /* mainpage_icon_sectionProvider.png */ = {isa = PBXFileReference; lastKnownFileType = image.png; path = mainpage_icon_sectionProvider.png; sourceTree = "<group>"; };
		AD7B5ADB191B26DE00BA77A9 /* mainpage_icon_sectionService.png */ = {isa = PBXFileReference; lastKnownFileType = image.png; path = mainpage_icon_sectionService.png; sourceTree = "<group>"; };
		AD7B5ADF191B2B3000BA77A9 /* mainpage_test_image1.png */ = {isa = PBXFileReference; lastKnownFileType = image.png; path = mainpage_test_image1.png; sourceTree = "<group>"; };
		AD7B5AE0191B2B3000BA77A9 /* mainpage_test_image2.png */ = {isa = PBXFileReference; lastKnownFileType = image.png; path = mainpage_test_image2.png; sourceTree = "<group>"; };
		AD7D7C3C19147613002D5A4B /* NSAlert+MKNetworkKitAdditions.h */ = {isa = PBXFileReference; fileEncoding = 4; lastKnownFileType = sourcecode.c.h; path = "NSAlert+MKNetworkKitAdditions.h"; sourceTree = "<group>"; };
		AD7D7C3D19147613002D5A4B /* NSAlert+MKNetworkKitAdditions.m */ = {isa = PBXFileReference; fileEncoding = 4; lastKnownFileType = sourcecode.c.objc; path = "NSAlert+MKNetworkKitAdditions.m"; sourceTree = "<group>"; };
		AD7D7C3E19147613002D5A4B /* NSData+MKBase64.h */ = {isa = PBXFileReference; fileEncoding = 4; lastKnownFileType = sourcecode.c.h; path = "NSData+MKBase64.h"; sourceTree = "<group>"; };
		AD7D7C3F19147613002D5A4B /* NSData+MKBase64.m */ = {isa = PBXFileReference; fileEncoding = 4; lastKnownFileType = sourcecode.c.objc; path = "NSData+MKBase64.m"; sourceTree = "<group>"; };
		AD7D7C4019147613002D5A4B /* NSDate+RFC1123.h */ = {isa = PBXFileReference; fileEncoding = 4; lastKnownFileType = sourcecode.c.h; path = "NSDate+RFC1123.h"; sourceTree = "<group>"; };
		AD7D7C4119147613002D5A4B /* NSDate+RFC1123.m */ = {isa = PBXFileReference; fileEncoding = 4; lastKnownFileType = sourcecode.c.objc; path = "NSDate+RFC1123.m"; sourceTree = "<group>"; };
		AD7D7C4219147613002D5A4B /* NSDictionary+RequestEncoding.h */ = {isa = PBXFileReference; fileEncoding = 4; lastKnownFileType = sourcecode.c.h; path = "NSDictionary+RequestEncoding.h"; sourceTree = "<group>"; };
		AD7D7C4319147613002D5A4B /* NSDictionary+RequestEncoding.m */ = {isa = PBXFileReference; fileEncoding = 4; lastKnownFileType = sourcecode.c.objc; path = "NSDictionary+RequestEncoding.m"; sourceTree = "<group>"; };
		AD7D7C4419147613002D5A4B /* NSString+MKNetworkKitAdditions.h */ = {isa = PBXFileReference; fileEncoding = 4; lastKnownFileType = sourcecode.c.h; path = "NSString+MKNetworkKitAdditions.h"; sourceTree = "<group>"; };
		AD7D7C4519147613002D5A4B /* NSString+MKNetworkKitAdditions.m */ = {isa = PBXFileReference; fileEncoding = 4; lastKnownFileType = sourcecode.c.objc; path = "NSString+MKNetworkKitAdditions.m"; sourceTree = "<group>"; };
		AD7D7C4619147613002D5A4B /* UIAlertView+MKNetworkKitAdditions.h */ = {isa = PBXFileReference; fileEncoding = 4; lastKnownFileType = sourcecode.c.h; path = "UIAlertView+MKNetworkKitAdditions.h"; sourceTree = "<group>"; };
		AD7D7C4719147613002D5A4B /* UIAlertView+MKNetworkKitAdditions.m */ = {isa = PBXFileReference; fileEncoding = 4; lastKnownFileType = sourcecode.c.objc; path = "UIAlertView+MKNetworkKitAdditions.m"; sourceTree = "<group>"; };
		AD7D7C4819147613002D5A4B /* UIImageView+MKNetworkKitAdditions.h */ = {isa = PBXFileReference; fileEncoding = 4; lastKnownFileType = sourcecode.c.h; path = "UIImageView+MKNetworkKitAdditions.h"; sourceTree = "<group>"; };
		AD7D7C4919147613002D5A4B /* UIImageView+MKNetworkKitAdditions.m */ = {isa = PBXFileReference; fileEncoding = 4; lastKnownFileType = sourcecode.c.objc; path = "UIImageView+MKNetworkKitAdditions.m"; sourceTree = "<group>"; };
		AD7D7C4A19147613002D5A4B /* MKNetworkEngine.h */ = {isa = PBXFileReference; fileEncoding = 4; lastKnownFileType = sourcecode.c.h; path = MKNetworkEngine.h; sourceTree = "<group>"; };
		AD7D7C4B19147613002D5A4B /* MKNetworkEngine.m */ = {isa = PBXFileReference; fileEncoding = 4; lastKnownFileType = sourcecode.c.objc; path = MKNetworkEngine.m; sourceTree = "<group>"; };
		AD7D7C4C19147613002D5A4B /* MKNetworkKit.h */ = {isa = PBXFileReference; fileEncoding = 4; lastKnownFileType = sourcecode.c.h; path = MKNetworkKit.h; sourceTree = "<group>"; };
		AD7D7C4D19147613002D5A4B /* MKNetworkOperation.h */ = {isa = PBXFileReference; fileEncoding = 4; lastKnownFileType = sourcecode.c.h; path = MKNetworkOperation.h; sourceTree = "<group>"; };
		AD7D7C4E19147613002D5A4B /* MKNetworkOperation.m */ = {isa = PBXFileReference; fileEncoding = 4; lastKnownFileType = sourcecode.c.objc; path = MKNetworkOperation.m; sourceTree = "<group>"; };
		AD7D7C5019147613002D5A4B /* Reachability.h */ = {isa = PBXFileReference; fileEncoding = 4; lastKnownFileType = sourcecode.c.h; path = Reachability.h; sourceTree = "<group>"; };
		AD7D7C5119147613002D5A4B /* Reachability.m */ = {isa = PBXFileReference; fileEncoding = 4; lastKnownFileType = sourcecode.c.objc; path = Reachability.m; sourceTree = "<group>"; };
		AD7D7C5F19148813002D5A4B /* NeedsEngine.h */ = {isa = PBXFileReference; fileEncoding = 4; lastKnownFileType = sourcecode.c.h; path = NeedsEngine.h; sourceTree = "<group>"; };
		AD7D7C6019148813002D5A4B /* NeedsEngine.m */ = {isa = PBXFileReference; fileEncoding = 4; lastKnownFileType = sourcecode.c.objc; path = NeedsEngine.m; sourceTree = "<group>"; };
		AD7D7C6219148909002D5A4B /* JSONModel.h */ = {isa = PBXFileReference; fileEncoding = 4; lastKnownFileType = sourcecode.c.h; path = JSONModel.h; sourceTree = "<group>"; };
		AD7D7C6319148909002D5A4B /* JSONModel.m */ = {isa = PBXFileReference; fileEncoding = 4; lastKnownFileType = sourcecode.c.objc; path = JSONModel.m; sourceTree = "<group>"; };
		AD90D35D191715EB00F4C81C /* login_title.png */ = {isa = PBXFileReference; lastKnownFileType = image.png; path = login_title.png; sourceTree = "<group>"; };
		AD90D35F191715F200F4C81C /* login_bg.png */ = {isa = PBXFileReference; lastKnownFileType = image.png; path = login_bg.png; sourceTree = "<group>"; };
		AD90D361191716F500F4C81C /* login_editbg.png */ = {isa = PBXFileReference; lastKnownFileType = image.png; path = login_editbg.png; sourceTree = "<group>"; };
		AD90D363191717EF00F4C81C /* login_icon_pwd.png */ = {isa = PBXFileReference; lastKnownFileType = image.png; path = login_icon_pwd.png; sourceTree = "<group>"; };
		AD90D364191717EF00F4C81C /* login_icon_user.png */ = {isa = PBXFileReference; lastKnownFileType = image.png; path = login_icon_user.png; sourceTree = "<group>"; };
		AD90D367191719D700F4C81C /* login_btn_forgetpwd.png */ = {isa = PBXFileReference; lastKnownFileType = image.png; path = login_btn_forgetpwd.png; sourceTree = "<group>"; };
		AD90D36919171B2C00F4C81C /* login_btn_login.png */ = {isa = PBXFileReference; lastKnownFileType = image.png; path = login_btn_login.png; sourceTree = "<group>"; };
		AD90D36A19171B2C00F4C81C /* login_btn_register.png */ = {isa = PBXFileReference; lastKnownFileType = image.png; path = login_btn_register.png; sourceTree = "<group>"; };
		ADBF1FEF19169870004F32B0 /* LoginViewController.h */ = {isa = PBXFileReference; fileEncoding = 4; lastKnownFileType = sourcecode.c.h; path = LoginViewController.h; sourceTree = "<group>"; };
		ADBF1FF019169870004F32B0 /* LoginViewController.m */ = {isa = PBXFileReference; fileEncoding = 4; lastKnownFileType = sourcecode.c.objc; path = LoginViewController.m; sourceTree = "<group>"; };
		ADD48A8D1913DBB900A9FE48 /* NEEDS.app */ = {isa = PBXFileReference; explicitFileType = wrapper.application; includeInIndex = 0; path = NEEDS.app; sourceTree = BUILT_PRODUCTS_DIR; };
		ADD48A901913DBB900A9FE48 /* Foundation.framework */ = {isa = PBXFileReference; lastKnownFileType = wrapper.framework; name = Foundation.framework; path = System/Library/Frameworks/Foundation.framework; sourceTree = SDKROOT; };
		ADD48A921913DBB900A9FE48 /* CoreGraphics.framework */ = {isa = PBXFileReference; lastKnownFileType = wrapper.framework; name = CoreGraphics.framework; path = System/Library/Frameworks/CoreGraphics.framework; sourceTree = SDKROOT; };
		ADD48A941913DBB900A9FE48 /* UIKit.framework */ = {isa = PBXFileReference; lastKnownFileType = wrapper.framework; name = UIKit.framework; path = System/Library/Frameworks/UIKit.framework; sourceTree = SDKROOT; };
		ADD48A981913DBB900A9FE48 /* NEEDS-Info.plist */ = {isa = PBXFileReference; lastKnownFileType = text.plist.xml; path = "NEEDS-Info.plist"; sourceTree = "<group>"; };
		ADD48A9A1913DBB900A9FE48 /* en */ = {isa = PBXFileReference; lastKnownFileType = text.plist.strings; name = en; path = en.lproj/InfoPlist.strings; sourceTree = "<group>"; };
		ADD48A9C1913DBB900A9FE48 /* main.m */ = {isa = PBXFileReference; lastKnownFileType = sourcecode.c.objc; path = main.m; sourceTree = "<group>"; };
		ADD48A9E1913DBB900A9FE48 /* NEEDS-Prefix.pch */ = {isa = PBXFileReference; lastKnownFileType = sourcecode.c.h; path = "NEEDS-Prefix.pch"; sourceTree = "<group>"; };
		ADD48A9F1913DBB900A9FE48 /* YUNEEDSAppDelegate.h */ = {isa = PBXFileReference; lastKnownFileType = sourcecode.c.h; path = YUNEEDSAppDelegate.h; sourceTree = "<group>"; };
		ADD48AA01913DBB900A9FE48 /* YUNEEDSAppDelegate.m */ = {isa = PBXFileReference; lastKnownFileType = sourcecode.c.objc; path = YUNEEDSAppDelegate.m; sourceTree = "<group>"; };
		ADD48AA31913DBB900A9FE48 /* Base */ = {isa = PBXFileReference; lastKnownFileType = file.storyboard; name = Base; path = Base.lproj/Main.storyboard; sourceTree = "<group>"; };
		ADD48AA51913DBB900A9FE48 /* YUNEEDSViewController.h */ = {isa = PBXFileReference; lastKnownFileType = sourcecode.c.h; path = YUNEEDSViewController.h; sourceTree = "<group>"; };
		ADD48AA61913DBB900A9FE48 /* YUNEEDSViewController.m */ = {isa = PBXFileReference; lastKnownFileType = sourcecode.c.objc; path = YUNEEDSViewController.m; sourceTree = "<group>"; };
		ADD48AA81913DBB900A9FE48 /* Images.xcassets */ = {isa = PBXFileReference; lastKnownFileType = folder.assetcatalog; path = Images.xcassets; sourceTree = "<group>"; };
		ADD48AAE1913DBB900A9FE48 /* NEEDSTests.xctest */ = {isa = PBXFileReference; explicitFileType = wrapper.cfbundle; includeInIndex = 0; path = NEEDSTests.xctest; sourceTree = BUILT_PRODUCTS_DIR; };
		ADD48AAF1913DBB900A9FE48 /* XCTest.framework */ = {isa = PBXFileReference; lastKnownFileType = wrapper.framework; name = XCTest.framework; path = Library/Frameworks/XCTest.framework; sourceTree = DEVELOPER_DIR; };
		ADD48AB71913DBB900A9FE48 /* NEEDSTests-Info.plist */ = {isa = PBXFileReference; lastKnownFileType = text.plist.xml; path = "NEEDSTests-Info.plist"; sourceTree = "<group>"; };
		ADD48AB91913DBB900A9FE48 /* en */ = {isa = PBXFileReference; lastKnownFileType = text.plist.strings; name = en; path = en.lproj/InfoPlist.strings; sourceTree = "<group>"; };
		ADD48ABB1913DBB900A9FE48 /* NEEDSTests.m */ = {isa = PBXFileReference; lastKnownFileType = sourcecode.c.objc; path = NEEDSTests.m; sourceTree = "<group>"; };
		ADE70D941917C52E0021A5B5 /* MBProgressHUD.h */ = {isa = PBXFileReference; fileEncoding = 4; lastKnownFileType = sourcecode.c.h; path = MBProgressHUD.h; sourceTree = "<group>"; };
		ADE70D951917C52E0021A5B5 /* MBProgressHUD.m */ = {isa = PBXFileReference; fileEncoding = 4; lastKnownFileType = sourcecode.c.objc; path = MBProgressHUD.m; sourceTree = "<group>"; };
		ADFFFD11191A5877007D4914 /* mainpage_tabbg.png */ = {isa = PBXFileReference; lastKnownFileType = image.png; path = mainpage_tabbg.png; sourceTree = "<group>"; };
		ADFFFD14191A5920007D4914 /* mainpage_tabicon_delivery.png */ = {isa = PBXFileReference; lastKnownFileType = image.png; path = mainpage_tabicon_delivery.png; sourceTree = "<group>"; };
		ADFFFD15191A5920007D4914 /* mainpage_tabicon_mainpage.png */ = {isa = PBXFileReference; lastKnownFileType = image.png; path = mainpage_tabicon_mainpage.png; sourceTree = "<group>"; };
		ADFFFD16191A5920007D4914 /* mainpage_tabicon_myorder.png */ = {isa = PBXFileReference; lastKnownFileType = image.png; path = mainpage_tabicon_myorder.png; sourceTree = "<group>"; };
		ADFFFD17191A5920007D4914 /* mainpage_tabicon_requirement.png */ = {isa = PBXFileReference; lastKnownFileType = image.png; path = mainpage_tabicon_requirement.png; sourceTree = "<group>"; };
		ADFFFD18191A5920007D4914 /* mainpage_tabicon_usercenter.png */ = {isa = PBXFileReference; lastKnownFileType = image.png; path = mainpage_tabicon_usercenter.png; sourceTree = "<group>"; };
		ADFFFD1F191A5951007D4914 /* ContainerViewController.h */ = {isa = PBXFileReference; fileEncoding = 4; lastKnownFileType = sourcecode.c.h; path = ContainerViewController.h; sourceTree = "<group>"; };
		ADFFFD20191A5951007D4914 /* ContainerViewController.m */ = {isa = PBXFileReference; fileEncoding = 4; lastKnownFileType = sourcecode.c.objc; path = ContainerViewController.m; sourceTree = "<group>"; };
		ADFFFD27191A5C45007D4914 /* MainTabbarView.h */ = {isa = PBXFileReference; fileEncoding = 4; lastKnownFileType = sourcecode.c.h; path = MainTabbarView.h; sourceTree = "<group>"; };
		ADFFFD28191A5C45007D4914 /* MainTabbarView.m */ = {isa = PBXFileReference; fileEncoding = 4; lastKnownFileType = sourcecode.c.objc; path = MainTabbarView.m; sourceTree = "<group>"; };
		ADFFFD2B191A60D5007D4914 /* mainpage_tabimg_shade.png */ = {isa = PBXFileReference; lastKnownFileType = image.png; path = mainpage_tabimg_shade.png; sourceTree = "<group>"; };
		ADFFFD2E191A8297007D4914 /* mainpage_tabimg_shade@2x.png */ = {isa = PBXFileReference; lastKnownFileType = image.png; path = "mainpage_tabimg_shade@2x.png"; sourceTree = "<group>"; };
		ADFFFD30191A8705007D4914 /* mainpage_tabicon_mainpage_h.png */ = {isa = PBXFileReference; lastKnownFileType = image.png; path = mainpage_tabicon_mainpage_h.png; sourceTree = "<group>"; };
		ADFFFD32191A8A0E007D4914 /* mainpage_tabicon_delivery_h.png */ = {isa = PBXFileReference; lastKnownFileType = image.png; path = mainpage_tabicon_delivery_h.png; sourceTree = "<group>"; };
		ADFFFD33191A8A0E007D4914 /* mainpage_tabicon_myorder_h.png */ = {isa = PBXFileReference; lastKnownFileType = image.png; path = mainpage_tabicon_myorder_h.png; sourceTree = "<group>"; };
		ADFFFD34191A8A0E007D4914 /* mainpage_tabicon_requirement_h.png */ = {isa = PBXFileReference; lastKnownFileType = image.png; path = mainpage_tabicon_requirement_h.png; sourceTree = "<group>"; };
		ADFFFD35191A8A0E007D4914 /* mainpage_tabicon_usercenter_h.png */ = {isa = PBXFileReference; lastKnownFileType = image.png; path = mainpage_tabicon_usercenter_h.png; sourceTree = "<group>"; };
		ADFFFD3A191A8F3E007D4914 /* MainpageViewController.h */ = {isa = PBXFileReference; fileEncoding = 4; lastKnownFileType = sourcecode.c.h; path = MainpageViewController.h; sourceTree = "<group>"; };
		ADFFFD3B191A8F3E007D4914 /* MainpageViewController.m */ = {isa = PBXFileReference; fileEncoding = 4; lastKnownFileType = sourcecode.c.objc; path = MainpageViewController.m; sourceTree = "<group>"; };
		ADFFFD3D191A8F74007D4914 /* ReleaseRequirementsViewController.h */ = {isa = PBXFileReference; fileEncoding = 4; lastKnownFileType = sourcecode.c.h; path = ReleaseRequirementsViewController.h; sourceTree = "<group>"; };
		ADFFFD3E191A8F74007D4914 /* ReleaseRequirementsViewController.m */ = {isa = PBXFileReference; fileEncoding = 4; lastKnownFileType = sourcecode.c.objc; path = ReleaseRequirementsViewController.m; sourceTree = "<group>"; };
		ADFFFD40191A8FAD007D4914 /* NeedMarketViewController.h */ = {isa = PBXFileReference; fileEncoding = 4; lastKnownFileType = sourcecode.c.h; path = NeedMarketViewController.h; sourceTree = "<group>"; };
		ADFFFD41191A8FAD007D4914 /* NeedMarketViewController.m */ = {isa = PBXFileReference; fileEncoding = 4; lastKnownFileType = sourcecode.c.objc; path = NeedMarketViewController.m; sourceTree = "<group>"; };
		ADFFFD43191A8FC4007D4914 /* MyOrderViewController.h */ = {isa = PBXFileReference; fileEncoding = 4; lastKnownFileType = sourcecode.c.h; path = MyOrderViewController.h; sourceTree = "<group>"; };
		ADFFFD44191A8FC4007D4914 /* MyOrderViewController.m */ = {isa = PBXFileReference; fileEncoding = 4; lastKnownFileType = sourcecode.c.objc; path = MyOrderViewController.m; sourceTree = "<group>"; };
		ADFFFD46191A8FDA007D4914 /* UserCenterViewCtroller.h */ = {isa = PBXFileReference; fileEncoding = 4; lastKnownFileType = sourcecode.c.h; path = UserCenterViewCtroller.h; sourceTree = "<group>"; };
		ADFFFD47191A8FDA007D4914 /* UserCenterViewCtroller.m */ = {isa = PBXFileReference; fileEncoding = 4; lastKnownFileType = sourcecode.c.objc; path = UserCenterViewCtroller.m; sourceTree = "<group>"; };
/* End PBXFileReference section */

/* Begin PBXFrameworksBuildPhase section */
		ADD48A8A1913DBB900A9FE48 /* Frameworks */ = {
			isa = PBXFrameworksBuildPhase;
			buildActionMask = 2147483647;
			files = (
				ADD48A931913DBB900A9FE48 /* CoreGraphics.framework in Frameworks */,
				ADD48A951913DBB900A9FE48 /* UIKit.framework in Frameworks */,
				ADD48A911913DBB900A9FE48 /* Foundation.framework in Frameworks */,
			);
			runOnlyForDeploymentPostprocessing = 0;
		};
		ADD48AAB1913DBB900A9FE48 /* Frameworks */ = {
			isa = PBXFrameworksBuildPhase;
			buildActionMask = 2147483647;
			files = (
				ADD48AB01913DBB900A9FE48 /* XCTest.framework in Frameworks */,
				ADD48AB21913DBB900A9FE48 /* UIKit.framework in Frameworks */,
				ADD48AB11913DBB900A9FE48 /* Foundation.framework in Frameworks */,
			);
			runOnlyForDeploymentPostprocessing = 0;
		};
/* End PBXFrameworksBuildPhase section */

/* Begin PBXGroup section */
		AD7B5ACB191B071700BA77A9 /* tab */ = {
			isa = PBXGroup;
			children = (
				ADFFFD32191A8A0E007D4914 /* mainpage_tabicon_delivery_h.png */,
				ADFFFD33191A8A0E007D4914 /* mainpage_tabicon_myorder_h.png */,
				ADFFFD34191A8A0E007D4914 /* mainpage_tabicon_requirement_h.png */,
				ADFFFD35191A8A0E007D4914 /* mainpage_tabicon_usercenter_h.png */,
				ADFFFD2E191A8297007D4914 /* mainpage_tabimg_shade@2x.png */,
				ADFFFD30191A8705007D4914 /* mainpage_tabicon_mainpage_h.png */,
				ADFFFD2B191A60D5007D4914 /* mainpage_tabimg_shade.png */,
				ADFFFD14191A5920007D4914 /* mainpage_tabicon_delivery.png */,
				ADFFFD15191A5920007D4914 /* mainpage_tabicon_mainpage.png */,
				ADFFFD16191A5920007D4914 /* mainpage_tabicon_myorder.png */,
				ADFFFD17191A5920007D4914 /* mainpage_tabicon_requirement.png */,
				ADFFFD18191A5920007D4914 /* mainpage_tabicon_usercenter.png */,
				ADFFFD11191A5877007D4914 /* mainpage_tabbg.png */,
			);
			name = tab;
			sourceTree = "<group>";
		};
		AD7B5ACE191B097700BA77A9 /* mainpage */ = {
			isa = PBXGroup;
			children = (
				AD7B5AE3191B2B3500BA77A9 /* test */,
				AD7B5AD9191B26DE00BA77A9 /* mainpage_icon_sectionNeeds.png */,
				AD7B5ADA191B26DE00BA77A9 /* mainpage_icon_sectionProvider.png */,
				AD7B5ADB191B26DE00BA77A9 /* mainpage_icon_sectionService.png */,
				AD7B5AD7191B0D3F00BA77A9 /* mainpage_icon_triangle.png */,
				AD7B5AD5191B0CBD00BA77A9 /* mainpage_icon_searchneed.png */,
				AD7B5AD3191B0B8300BA77A9 /* mainpage_btn_search.png */,
				AD7B5ACC191B096F00BA77A9 /* mainpage_bg_search.png */,
				AD7B5AC9191B070A00BA77A9 /* mainpage_btn_message.png */,
			);
			name = mainpage;
			sourceTree = "<group>";
		};
		AD7B5AE3191B2B3500BA77A9 /* test */ = {
			isa = PBXGroup;
			children = (
				AD7B5ADF191B2B3000BA77A9 /* mainpage_test_image1.png */,
				AD7B5AE0191B2B3000BA77A9 /* mainpage_test_image2.png */,
			);
			name = test;
			sourceTree = "<group>";
		};
		AD7D7C39191475A7002D5A4B /* Library */ = {
			isa = PBXGroup;
			children = (
				ADE70D931917C5210021A5B5 /* MBProgressHUD */,
				AD7D7C3A19147613002D5A4B /* MKNetworkKit */,
			);
			name = Library;
			sourceTree = "<group>";
		};
		AD7D7C3A19147613002D5A4B /* MKNetworkKit */ = {
			isa = PBXGroup;
			children = (
				AD7D7C3B19147613002D5A4B /* Categories */,
				AD7D7C4A19147613002D5A4B /* MKNetworkEngine.h */,
				AD7D7C4B19147613002D5A4B /* MKNetworkEngine.m */,
				AD7D7C4C19147613002D5A4B /* MKNetworkKit.h */,
				AD7D7C4D19147613002D5A4B /* MKNetworkOperation.h */,
				AD7D7C4E19147613002D5A4B /* MKNetworkOperation.m */,
				AD7D7C4F19147613002D5A4B /* Reachability */,
			);
			path = MKNetworkKit;
			sourceTree = "<group>";
		};
		AD7D7C3B19147613002D5A4B /* Categories */ = {
			isa = PBXGroup;
			children = (
				AD7D7C3C19147613002D5A4B /* NSAlert+MKNetworkKitAdditions.h */,
				AD7D7C3D19147613002D5A4B /* NSAlert+MKNetworkKitAdditions.m */,
				AD7D7C3E19147613002D5A4B /* NSData+MKBase64.h */,
				AD7D7C3F19147613002D5A4B /* NSData+MKBase64.m */,
				AD7D7C4019147613002D5A4B /* NSDate+RFC1123.h */,
				AD7D7C4119147613002D5A4B /* NSDate+RFC1123.m */,
				AD7D7C4219147613002D5A4B /* NSDictionary+RequestEncoding.h */,
				AD7D7C4319147613002D5A4B /* NSDictionary+RequestEncoding.m */,
				AD7D7C4419147613002D5A4B /* NSString+MKNetworkKitAdditions.h */,
				AD7D7C4519147613002D5A4B /* NSString+MKNetworkKitAdditions.m */,
				AD7D7C4619147613002D5A4B /* UIAlertView+MKNetworkKitAdditions.h */,
				AD7D7C4719147613002D5A4B /* UIAlertView+MKNetworkKitAdditions.m */,
				AD7D7C4819147613002D5A4B /* UIImageView+MKNetworkKitAdditions.h */,
				AD7D7C4919147613002D5A4B /* UIImageView+MKNetworkKitAdditions.m */,
			);
			path = Categories;
			sourceTree = "<group>";
		};
		AD7D7C4F19147613002D5A4B /* Reachability */ = {
			isa = PBXGroup;
			children = (
				AD7D7C5019147613002D5A4B /* Reachability.h */,
				AD7D7C5119147613002D5A4B /* Reachability.m */,
			);
			path = Reachability;
			sourceTree = "<group>";
		};
		AD7D7C5C1914827A002D5A4B /* Engine */ = {
			isa = PBXGroup;
			children = (
				AD7D7C5F19148813002D5A4B /* NeedsEngine.h */,
				AD7D7C6019148813002D5A4B /* NeedsEngine.m */,
			);
			name = Engine;
			sourceTree = "<group>";
		};
		AD7D7C5D19148315002D5A4B /* Controller */ = {
			isa = PBXGroup;
			children = (
				ADD48AA51913DBB900A9FE48 /* YUNEEDSViewController.h */,
				ADD48AA61913DBB900A9FE48 /* YUNEEDSViewController.m */,
				ADFFFD23191A5A50007D4914 /* Login */,
				ADFFFD22191A5A45007D4914 /* Mainpage */,
			);
			name = Controller;
			sourceTree = "<group>";
		};
		AD7D7C5E19148322002D5A4B /* Model */ = {
			isa = PBXGroup;
			children = (
				AD7D7C6219148909002D5A4B /* JSONModel.h */,
				AD7D7C6319148909002D5A4B /* JSONModel.m */,
				AD72C60619174D5500B09CCD /* User.h */,
				AD72C60719174D5500B09CCD /* User.m */,
			);
			name = Model;
			sourceTree = "<group>";
		};
		ADBF1FF2191698F9004F32B0 /* image */ = {
			isa = PBXGroup;
			children = (
				ADFFFD1E191A5926007D4914 /* mainpage */,
				ADFFFD13191A587E007D4914 /* login */,
			);
			name = image;
			sourceTree = "<group>";
		};
		ADD48A841913DBB900A9FE48 = {
			isa = PBXGroup;
			children = (
				ADD48A961913DBB900A9FE48 /* NEEDS */,
				ADD48AB51913DBB900A9FE48 /* NEEDSTests */,
				ADD48A8F1913DBB900A9FE48 /* Frameworks */,
				ADD48A8E1913DBB900A9FE48 /* Products */,
			);
			sourceTree = "<group>";
		};
		ADD48A8E1913DBB900A9FE48 /* Products */ = {
			isa = PBXGroup;
			children = (
				ADD48A8D1913DBB900A9FE48 /* NEEDS.app */,
				ADD48AAE1913DBB900A9FE48 /* NEEDSTests.xctest */,
			);
			name = Products;
			sourceTree = "<group>";
		};
		ADD48A8F1913DBB900A9FE48 /* Frameworks */ = {
			isa = PBXGroup;
			children = (
				ADD48A901913DBB900A9FE48 /* Foundation.framework */,
				ADD48A921913DBB900A9FE48 /* CoreGraphics.framework */,
				ADD48A941913DBB900A9FE48 /* UIKit.framework */,
				ADD48AAF1913DBB900A9FE48 /* XCTest.framework */,
			);
			name = Frameworks;
			sourceTree = "<group>";
		};
		ADD48A961913DBB900A9FE48 /* NEEDS */ = {
			isa = PBXGroup;
			children = (
				AD7D7C39191475A7002D5A4B /* Library */,
				ADBF1FF2191698F9004F32B0 /* image */,
				AD7D7C5C1914827A002D5A4B /* Engine */,
				AD7D7C5E19148322002D5A4B /* Model */,
				AD7D7C5D19148315002D5A4B /* Controller */,
				ADD48A9F1913DBB900A9FE48 /* YUNEEDSAppDelegate.h */,
				ADD48AA01913DBB900A9FE48 /* YUNEEDSAppDelegate.m */,
				ADD48AA21913DBB900A9FE48 /* Main.storyboard */,
				ADD48AA81913DBB900A9FE48 /* Images.xcassets */,
				ADD48A971913DBB900A9FE48 /* Supporting Files */,
			);
			path = NEEDS;
			sourceTree = "<group>";
		};
		ADD48A971913DBB900A9FE48 /* Supporting Files */ = {
			isa = PBXGroup;
			children = (
				ADD48A981913DBB900A9FE48 /* NEEDS-Info.plist */,
				ADD48A991913DBB900A9FE48 /* InfoPlist.strings */,
				ADD48A9C1913DBB900A9FE48 /* main.m */,
				ADD48A9E1913DBB900A9FE48 /* NEEDS-Prefix.pch */,
			);
			name = "Supporting Files";
			sourceTree = "<group>";
		};
		ADD48AB51913DBB900A9FE48 /* NEEDSTests */ = {
			isa = PBXGroup;
			children = (
				ADD48ABB1913DBB900A9FE48 /* NEEDSTests.m */,
				ADD48AB61913DBB900A9FE48 /* Supporting Files */,
			);
			path = NEEDSTests;
			sourceTree = "<group>";
		};
		ADD48AB61913DBB900A9FE48 /* Supporting Files */ = {
			isa = PBXGroup;
			children = (
				ADD48AB71913DBB900A9FE48 /* NEEDSTests-Info.plist */,
				ADD48AB81913DBB900A9FE48 /* InfoPlist.strings */,
			);
			name = "Supporting Files";
			sourceTree = "<group>";
		};
		ADE70D931917C5210021A5B5 /* MBProgressHUD */ = {
			isa = PBXGroup;
			children = (
				ADE70D941917C52E0021A5B5 /* MBProgressHUD.h */,
				ADE70D951917C52E0021A5B5 /* MBProgressHUD.m */,
			);
			name = MBProgressHUD;
			sourceTree = "<group>";
		};
		ADFFFD13191A587E007D4914 /* login */ = {
			isa = PBXGroup;
			children = (
				AD90D363191717EF00F4C81C /* login_icon_pwd.png */,
				AD90D364191717EF00F4C81C /* login_icon_user.png */,
				AD90D361191716F500F4C81C /* login_editbg.png */,
				AD90D35F191715F200F4C81C /* login_bg.png */,
				AD90D35D191715EB00F4C81C /* login_title.png */,
				AD90D36919171B2C00F4C81C /* login_btn_login.png */,
				AD90D36A19171B2C00F4C81C /* login_btn_register.png */,
				AD90D367191719D700F4C81C /* login_btn_forgetpwd.png */,
			);
			name = login;
			sourceTree = "<group>";
		};
		ADFFFD1E191A5926007D4914 /* mainpage */ = {
			isa = PBXGroup;
			children = (
				AD7B5ACE191B097700BA77A9 /* mainpage */,
				AD7B5ACB191B071700BA77A9 /* tab */,
			);
			name = mainpage;
			sourceTree = "<group>";
		};
		ADFFFD22191A5A45007D4914 /* Mainpage */ = {
			isa = PBXGroup;
			children = (
				ADFFFD1F191A5951007D4914 /* ContainerViewController.h */,
				ADFFFD20191A5951007D4914 /* ContainerViewController.m */,
				ADFFFD27191A5C45007D4914 /* MainTabbarView.h */,
				ADFFFD28191A5C45007D4914 /* MainTabbarView.m */,
				ADFFFD49191A8FE5007D4914 /* mainpage */,
				ADFFFD4A191A8FF3007D4914 /* releaserequirements */,
				ADFFFD4B191A9003007D4914 /* needmarket */,
				ADFFFD4C191A900C007D4914 /* myorder */,
				ADFFFD4D191A9013007D4914 /* usercenter */,
			);
			name = Mainpage;
			sourceTree = "<group>";
		};
		ADFFFD23191A5A50007D4914 /* Login */ = {
			isa = PBXGroup;
			children = (
				ADBF1FEF19169870004F32B0 /* LoginViewController.h */,
				ADBF1FF019169870004F32B0 /* LoginViewController.m */,
			);
			name = Login;
			sourceTree = "<group>";
		};
		ADFFFD49191A8FE5007D4914 /* mainpage */ = {
			isa = PBXGroup;
			children = (
				ADFFFD3A191A8F3E007D4914 /* MainpageViewController.h */,
				ADFFFD3B191A8F3E007D4914 /* MainpageViewController.m */,
			);
			name = mainpage;
			sourceTree = "<group>";
		};
		ADFFFD4A191A8FF3007D4914 /* releaserequirements */ = {
			isa = PBXGroup;
			children = (
				ADFFFD3D191A8F74007D4914 /* ReleaseRequirementsViewController.h */,
				ADFFFD3E191A8F74007D4914 /* ReleaseRequirementsViewController.m */,
			);
			name = releaserequirements;
			sourceTree = "<group>";
		};
		ADFFFD4B191A9003007D4914 /* needmarket */ = {
			isa = PBXGroup;
			children = (
				ADFFFD40191A8FAD007D4914 /* NeedMarketViewController.h */,
				ADFFFD41191A8FAD007D4914 /* NeedMarketViewController.m */,
			);
			name = needmarket;
			sourceTree = "<group>";
		};
		ADFFFD4C191A900C007D4914 /* myorder */ = {
			isa = PBXGroup;
			children = (
				ADFFFD43191A8FC4007D4914 /* MyOrderViewController.h */,
				ADFFFD44191A8FC4007D4914 /* MyOrderViewController.m */,
			);
			name = myorder;
			sourceTree = "<group>";
		};
		ADFFFD4D191A9013007D4914 /* usercenter */ = {
			isa = PBXGroup;
			children = (
				ADFFFD46191A8FDA007D4914 /* UserCenterViewCtroller.h */,
				ADFFFD47191A8FDA007D4914 /* UserCenterViewCtroller.m */,
			);
			name = usercenter;
			sourceTree = "<group>";
		};
/* End PBXGroup section */

/* Begin PBXNativeTarget section */
		ADD48A8C1913DBB900A9FE48 /* NEEDS */ = {
			isa = PBXNativeTarget;
			buildConfigurationList = ADD48ABF1913DBB900A9FE48 /* Build configuration list for PBXNativeTarget "NEEDS" */;
			buildPhases = (
				ADD48A891913DBB900A9FE48 /* Sources */,
				ADD48A8A1913DBB900A9FE48 /* Frameworks */,
				ADD48A8B1913DBB900A9FE48 /* Resources */,
			);
			buildRules = (
			);
			dependencies = (
			);
			name = NEEDS;
			productName = NEEDS;
			productReference = ADD48A8D1913DBB900A9FE48 /* NEEDS.app */;
			productType = "com.apple.product-type.application";
		};
		ADD48AAD1913DBB900A9FE48 /* NEEDSTests */ = {
			isa = PBXNativeTarget;
			buildConfigurationList = ADD48AC21913DBB900A9FE48 /* Build configuration list for PBXNativeTarget "NEEDSTests" */;
			buildPhases = (
				ADD48AAA1913DBB900A9FE48 /* Sources */,
				ADD48AAB1913DBB900A9FE48 /* Frameworks */,
				ADD48AAC1913DBB900A9FE48 /* Resources */,
			);
			buildRules = (
			);
			dependencies = (
				ADD48AB41913DBB900A9FE48 /* PBXTargetDependency */,
			);
			name = NEEDSTests;
			productName = NEEDSTests;
			productReference = ADD48AAE1913DBB900A9FE48 /* NEEDSTests.xctest */;
			productType = "com.apple.product-type.bundle.unit-test";
		};
/* End PBXNativeTarget section */

/* Begin PBXProject section */
		ADD48A851913DBB900A9FE48 /* Project object */ = {
			isa = PBXProject;
			attributes = {
				CLASSPREFIX = YUNEEDS;
				LastUpgradeCheck = 0510;
				ORGANIZATIONNAME = Jackyu;
				TargetAttributes = {
					ADD48AAD1913DBB900A9FE48 = {
						TestTargetID = ADD48A8C1913DBB900A9FE48;
					};
				};
			};
			buildConfigurationList = ADD48A881913DBB900A9FE48 /* Build configuration list for PBXProject "NEEDS" */;
			compatibilityVersion = "Xcode 3.2";
			developmentRegion = English;
			hasScannedForEncodings = 0;
			knownRegions = (
				en,
				Base,
			);
			mainGroup = ADD48A841913DBB900A9FE48;
			productRefGroup = ADD48A8E1913DBB900A9FE48 /* Products */;
			projectDirPath = "";
			projectRoot = "";
			targets = (
				ADD48A8C1913DBB900A9FE48 /* NEEDS */,
				ADD48AAD1913DBB900A9FE48 /* NEEDSTests */,
			);
		};
/* End PBXProject section */

/* Begin PBXResourcesBuildPhase section */
		ADD48A8B1913DBB900A9FE48 /* Resources */ = {
			isa = PBXResourcesBuildPhase;
			buildActionMask = 2147483647;
			files = (
				AD7B5ACD191B096F00BA77A9 /* mainpage_bg_search.png in Resources */,
				AD90D36C19171B2C00F4C81C /* login_btn_register.png in Resources */,
				AD7B5AE1191B2B3000BA77A9 /* mainpage_test_image1.png in Resources */,
				ADFFFD1B191A5920007D4914 /* mainpage_tabicon_myorder.png in Resources */,
				ADFFFD19191A5920007D4914 /* mainpage_tabicon_delivery.png in Resources */,
				AD7B5ADE191B26DE00BA77A9 /* mainpage_icon_sectionService.png in Resources */,
				AD90D35E191715EB00F4C81C /* login_title.png in Resources */,
				ADFFFD1D191A5920007D4914 /* mainpage_tabicon_usercenter.png in Resources */,
				AD90D360191715F200F4C81C /* login_bg.png in Resources */,
				AD90D36B19171B2C00F4C81C /* login_btn_login.png in Resources */,
				AD7B5ADC191B26DE00BA77A9 /* mainpage_icon_sectionNeeds.png in Resources */,
				ADD48AA91913DBB900A9FE48 /* Images.xcassets in Resources */,
				AD90D365191717EF00F4C81C /* login_icon_pwd.png in Resources */,
				ADFFFD1C191A5920007D4914 /* mainpage_tabicon_requirement.png in Resources */,
				ADFFFD38191A8A0E007D4914 /* mainpage_tabicon_requirement_h.png in Resources */,
				ADFFFD12191A5877007D4914 /* mainpage_tabbg.png in Resources */,
				ADFFFD31191A8705007D4914 /* mainpage_tabicon_mainpage_h.png in Resources */,
				AD7B5AD6191B0CBD00BA77A9 /* mainpage_icon_searchneed.png in Resources */,
				AD7B5AD4191B0B8300BA77A9 /* mainpage_btn_search.png in Resources */,
				AD7B5AD8191B0D3F00BA77A9 /* mainpage_icon_triangle.png in Resources */,
				AD7B5AE2191B2B3000BA77A9 /* mainpage_test_image2.png in Resources */,
				ADFFFD37191A8A0E007D4914 /* mainpage_tabicon_myorder_h.png in Resources */,
				ADD48A9B1913DBB900A9FE48 /* InfoPlist.strings in Resources */,
				AD90D366191717EF00F4C81C /* login_icon_user.png in Resources */,
				ADFFFD1A191A5920007D4914 /* mainpage_tabicon_mainpage.png in Resources */,
				ADFFFD39191A8A0E007D4914 /* mainpage_tabicon_usercenter_h.png in Resources */,
				AD7B5ACA191B070A00BA77A9 /* mainpage_btn_message.png in Resources */,
				AD90D362191716F500F4C81C /* login_editbg.png in Resources */,
				AD90D368191719D700F4C81C /* login_btn_forgetpwd.png in Resources */,
				ADFFFD2F191A8297007D4914 /* mainpage_tabimg_shade@2x.png in Resources */,
				ADD48AA41913DBB900A9FE48 /* Main.storyboard in Resources */,
				ADFFFD36191A8A0E007D4914 /* mainpage_tabicon_delivery_h.png in Resources */,
				AD7B5ADD191B26DE00BA77A9 /* mainpage_icon_sectionProvider.png in Resources */,
				ADFFFD2D191A60D5007D4914 /* mainpage_tabimg_shade.png in Resources */,
			);
			runOnlyForDeploymentPostprocessing = 0;
		};
		ADD48AAC1913DBB900A9FE48 /* Resources */ = {
			isa = PBXResourcesBuildPhase;
			buildActionMask = 2147483647;
			files = (
				ADD48ABA1913DBB900A9FE48 /* InfoPlist.strings in Resources */,
			);
			runOnlyForDeploymentPostprocessing = 0;
		};
/* End PBXResourcesBuildPhase section */

/* Begin PBXSourcesBuildPhase section */
		ADD48A891913DBB900A9FE48 /* Sources */ = {
			isa = PBXSourcesBuildPhase;
			buildActionMask = 2147483647;
			files = (
				AD7D7C5B19147613002D5A4B /* Reachability.m in Sources */,
				ADD48AA11913DBB900A9FE48 /* YUNEEDSAppDelegate.m in Sources */,
				ADFFFD21191A5951007D4914 /* ContainerViewController.m in Sources */,
				ADFFFD45191A8FC4007D4914 /* MyOrderViewController.m in Sources */,
				AD7D7C5919147613002D5A4B /* MKNetworkEngine.m in Sources */,
				AD7D7C6119148813002D5A4B /* NeedsEngine.m in Sources */,
				AD72C60819174D5500B09CCD /* User.m in Sources */,
				AD7D7C5519147613002D5A4B /* NSDictionary+RequestEncoding.m in Sources */,
				ADD48A9D1913DBB900A9FE48 /* main.m in Sources */,
				ADFFFD3F191A8F74007D4914 /* ReleaseRequirementsViewController.m in Sources */,
				ADFFFD48191A8FDA007D4914 /* UserCenterViewCtroller.m in Sources */,
				AD7D7C5319147613002D5A4B /* NSData+MKBase64.m in Sources */,
				ADD48AA71913DBB900A9FE48 /* YUNEEDSViewController.m in Sources */,
				ADBF1FF119169870004F32B0 /* LoginViewController.m in Sources */,
				ADFFFD42191A8FAD007D4914 /* NeedMarketViewController.m in Sources */,
				AD7D7C5A19147613002D5A4B /* MKNetworkOperation.m in Sources */,
				ADFFFD3C191A8F3E007D4914 /* MainpageViewController.m in Sources */,
				AD7D7C6419148909002D5A4B /* JSONModel.m in Sources */,
				AD7D7C5719147613002D5A4B /* UIAlertView+MKNetworkKitAdditions.m in Sources */,
				ADE70D961917C52E0021A5B5 /* MBProgressHUD.m in Sources */,
				ADFFFD29191A5C45007D4914 /* MainTabbarView.m in Sources */,
				AD7D7C5819147613002D5A4B /* UIImageView+MKNetworkKitAdditions.m in Sources */,
				AD7D7C5219147613002D5A4B /* NSAlert+MKNetworkKitAdditions.m in Sources */,
				AD7D7C5619147613002D5A4B /* NSString+MKNetworkKitAdditions.m in Sources */,
				AD7D7C5419147613002D5A4B /* NSDate+RFC1123.m in Sources */,
			);
			runOnlyForDeploymentPostprocessing = 0;
		};
		ADD48AAA1913DBB900A9FE48 /* Sources */ = {
			isa = PBXSourcesBuildPhase;
			buildActionMask = 2147483647;
			files = (
				ADD48ABC1913DBB900A9FE48 /* NEEDSTests.m in Sources */,
			);
			runOnlyForDeploymentPostprocessing = 0;
		};
/* End PBXSourcesBuildPhase section */

/* Begin PBXTargetDependency section */
		ADD48AB41913DBB900A9FE48 /* PBXTargetDependency */ = {
			isa = PBXTargetDependency;
			target = ADD48A8C1913DBB900A9FE48 /* NEEDS */;
			targetProxy = ADD48AB31913DBB900A9FE48 /* PBXContainerItemProxy */;
		};
/* End PBXTargetDependency section */

/* Begin PBXVariantGroup section */
		ADD48A991913DBB900A9FE48 /* InfoPlist.strings */ = {
			isa = PBXVariantGroup;
			children = (
				ADD48A9A1913DBB900A9FE48 /* en */,
			);
			name = InfoPlist.strings;
			sourceTree = "<group>";
		};
		ADD48AA21913DBB900A9FE48 /* Main.storyboard */ = {
			isa = PBXVariantGroup;
			children = (
				ADD48AA31913DBB900A9FE48 /* Base */,
			);
			name = Main.storyboard;
			sourceTree = "<group>";
		};
		ADD48AB81913DBB900A9FE48 /* InfoPlist.strings */ = {
			isa = PBXVariantGroup;
			children = (
				ADD48AB91913DBB900A9FE48 /* en */,
			);
			name = InfoPlist.strings;
			sourceTree = "<group>";
		};
/* End PBXVariantGroup section */

/* Begin XCBuildConfiguration section */
		ADD48ABD1913DBB900A9FE48 /* Debug */ = {
			isa = XCBuildConfiguration;
			buildSettings = {
				ALWAYS_SEARCH_USER_PATHS = NO;
				CLANG_CXX_LANGUAGE_STANDARD = "gnu++0x";
				CLANG_CXX_LIBRARY = "libc++";
				CLANG_ENABLE_MODULES = YES;
				CLANG_ENABLE_OBJC_ARC = YES;
				CLANG_WARN_BOOL_CONVERSION = YES;
				CLANG_WARN_CONSTANT_CONVERSION = YES;
				CLANG_WARN_DIRECT_OBJC_ISA_USAGE = YES_ERROR;
				CLANG_WARN_EMPTY_BODY = YES;
				CLANG_WARN_ENUM_CONVERSION = YES;
				CLANG_WARN_INT_CONVERSION = YES;
				CLANG_WARN_OBJC_ROOT_CLASS = YES_ERROR;
				CLANG_WARN__DUPLICATE_METHOD_MATCH = YES;
				"CODE_SIGN_IDENTITY[sdk=iphoneos*]" = "iPhone Developer";
				COPY_PHASE_STRIP = NO;
				GCC_C_LANGUAGE_STANDARD = gnu99;
				GCC_DYNAMIC_NO_PIC = NO;
				GCC_OPTIMIZATION_LEVEL = 0;
				GCC_PREPROCESSOR_DEFINITIONS = (
					"DEBUG=1",
					"$(inherited)",
				);
				GCC_SYMBOLS_PRIVATE_EXTERN = NO;
				GCC_WARN_64_TO_32_BIT_CONVERSION = YES;
				GCC_WARN_ABOUT_RETURN_TYPE = YES_ERROR;
				GCC_WARN_UNDECLARED_SELECTOR = YES;
				GCC_WARN_UNINITIALIZED_AUTOS = YES_AGGRESSIVE;
				GCC_WARN_UNUSED_FUNCTION = YES;
				GCC_WARN_UNUSED_VARIABLE = YES;
				IPHONEOS_DEPLOYMENT_TARGET = 7.1;
				ONLY_ACTIVE_ARCH = YES;
				SDKROOT = iphoneos;
			};
			name = Debug;
		};
		ADD48ABE1913DBB900A9FE48 /* Release */ = {
			isa = XCBuildConfiguration;
			buildSettings = {
				ALWAYS_SEARCH_USER_PATHS = NO;
				CLANG_CXX_LANGUAGE_STANDARD = "gnu++0x";
				CLANG_CXX_LIBRARY = "libc++";
				CLANG_ENABLE_MODULES = YES;
				CLANG_ENABLE_OBJC_ARC = YES;
				CLANG_WARN_BOOL_CONVERSION = YES;
				CLANG_WARN_CONSTANT_CONVERSION = YES;
				CLANG_WARN_DIRECT_OBJC_ISA_USAGE = YES_ERROR;
				CLANG_WARN_EMPTY_BODY = YES;
				CLANG_WARN_ENUM_CONVERSION = YES;
				CLANG_WARN_INT_CONVERSION = YES;
				CLANG_WARN_OBJC_ROOT_CLASS = YES_ERROR;
				CLANG_WARN__DUPLICATE_METHOD_MATCH = YES;
				"CODE_SIGN_IDENTITY[sdk=iphoneos*]" = "iPhone Developer";
				COPY_PHASE_STRIP = YES;
				ENABLE_NS_ASSERTIONS = NO;
				GCC_C_LANGUAGE_STANDARD = gnu99;
				GCC_WARN_64_TO_32_BIT_CONVERSION = YES;
				GCC_WARN_ABOUT_RETURN_TYPE = YES_ERROR;
				GCC_WARN_UNDECLARED_SELECTOR = YES;
				GCC_WARN_UNINITIALIZED_AUTOS = YES_AGGRESSIVE;
				GCC_WARN_UNUSED_FUNCTION = YES;
				GCC_WARN_UNUSED_VARIABLE = YES;
				IPHONEOS_DEPLOYMENT_TARGET = 7.1;
				SDKROOT = iphoneos;
				VALIDATE_PRODUCT = YES;
			};
			name = Release;
		};
		ADD48AC01913DBB900A9FE48 /* Debug */ = {
			isa = XCBuildConfiguration;
			buildSettings = {
				ASSETCATALOG_COMPILER_APPICON_NAME = AppIcon;
				ASSETCATALOG_COMPILER_LAUNCHIMAGE_NAME = LaunchImage;
				GCC_PRECOMPILE_PREFIX_HEADER = YES;
				GCC_PREFIX_HEADER = "NEEDS/NEEDS-Prefix.pch";
				INFOPLIST_FILE = "NEEDS/NEEDS-Info.plist";
				IPHONEOS_DEPLOYMENT_TARGET = 7.0;
				PRODUCT_NAME = "$(TARGET_NAME)";
				WRAPPER_EXTENSION = app;
			};
			name = Debug;
		};
		ADD48AC11913DBB900A9FE48 /* Release */ = {
			isa = XCBuildConfiguration;
			buildSettings = {
				ASSETCATALOG_COMPILER_APPICON_NAME = AppIcon;
				ASSETCATALOG_COMPILER_LAUNCHIMAGE_NAME = LaunchImage;
				GCC_PRECOMPILE_PREFIX_HEADER = YES;
				GCC_PREFIX_HEADER = "NEEDS/NEEDS-Prefix.pch";
				INFOPLIST_FILE = "NEEDS/NEEDS-Info.plist";
				IPHONEOS_DEPLOYMENT_TARGET = 7.0;
				PRODUCT_NAME = "$(TARGET_NAME)";
				WRAPPER_EXTENSION = app;
			};
			name = Release;
		};
		ADD48AC31913DBB900A9FE48 /* Debug */ = {
			isa = XCBuildConfiguration;
			buildSettings = {
				BUNDLE_LOADER = "$(BUILT_PRODUCTS_DIR)/NEEDS.app/NEEDS";
				FRAMEWORK_SEARCH_PATHS = (
					"$(SDKROOT)/Developer/Library/Frameworks",
					"$(inherited)",
					"$(DEVELOPER_FRAMEWORKS_DIR)",
				);
				GCC_PRECOMPILE_PREFIX_HEADER = YES;
				GCC_PREFIX_HEADER = "NEEDS/NEEDS-Prefix.pch";
				GCC_PREPROCESSOR_DEFINITIONS = (
					"DEBUG=1",
					"$(inherited)",
				);
				INFOPLIST_FILE = "NEEDSTests/NEEDSTests-Info.plist";
				PRODUCT_NAME = "$(TARGET_NAME)";
				TEST_HOST = "$(BUNDLE_LOADER)";
				WRAPPER_EXTENSION = xctest;
			};
			name = Debug;
		};
		ADD48AC41913DBB900A9FE48 /* Release */ = {
			isa = XCBuildConfiguration;
			buildSettings = {
				BUNDLE_LOADER = "$(BUILT_PRODUCTS_DIR)/NEEDS.app/NEEDS";
				FRAMEWORK_SEARCH_PATHS = (
					"$(SDKROOT)/Developer/Library/Frameworks",
					"$(inherited)",
					"$(DEVELOPER_FRAMEWORKS_DIR)",
				);
				GCC_PRECOMPILE_PREFIX_HEADER = YES;
				GCC_PREFIX_HEADER = "NEEDS/NEEDS-Prefix.pch";
				INFOPLIST_FILE = "NEEDSTests/NEEDSTests-Info.plist";
				PRODUCT_NAME = "$(TARGET_NAME)";
				TEST_HOST = "$(BUNDLE_LOADER)";
				WRAPPER_EXTENSION = xctest;
			};
			name = Release;
		};
/* End XCBuildConfiguration section */

/* Begin XCConfigurationList section */
		ADD48A881913DBB900A9FE48 /* Build configuration list for PBXProject "NEEDS" */ = {
			isa = XCConfigurationList;
			buildConfigurations = (
				ADD48ABD1913DBB900A9FE48 /* Debug */,
				ADD48ABE1913DBB900A9FE48 /* Release */,
			);
			defaultConfigurationIsVisible = 0;
			defaultConfigurationName = Release;
		};
		ADD48ABF1913DBB900A9FE48 /* Build configuration list for PBXNativeTarget "NEEDS" */ = {
			isa = XCConfigurationList;
			buildConfigurations = (
				ADD48AC01913DBB900A9FE48 /* Debug */,
				ADD48AC11913DBB900A9FE48 /* Release */,
			);
			defaultConfigurationIsVisible = 0;
			defaultConfigurationName = Release;
		};
		ADD48AC21913DBB900A9FE48 /* Build configuration list for PBXNativeTarget "NEEDSTests" */ = {
			isa = XCConfigurationList;
			buildConfigurations = (
				ADD48AC31913DBB900A9FE48 /* Debug */,
				ADD48AC41913DBB900A9FE48 /* Release */,
			);
			defaultConfigurationIsVisible = 0;
			defaultConfigurationName = Release;
		};
/* End XCConfigurationList section */
	};
	rootObject = ADD48A851913DBB900A9FE48 /* Project object */;
}
